
Microsoft Visual Studio Solution File, Format Version 12.00
# Visual Studio Version 16
VisualStudioVersion = 16.0.30021.99
MinimumVisualStudioVersion = 10.0.40219.1
Project("{9A19103F-16F7-4668-BE54-9A1E7A4F7556}") = "CodePaLOUsa.Entities", "src\CodePaLOUsa.Entities\CodePaLOUsa.Entities.csproj", "{B6FF67D0-ABA4-40ED-ADBD-994AD13FEFCF}"
EndProject
Project("{9A19103F-16F7-4668-BE54-9A1E7A4F7556}") = "TaleLearnCode.CosmosGremlinScriptRunner", "src\TaleLearnCode.CosmosGremlinScriptRunner\TaleLearnCode.CosmosGremlinScriptRunner.csproj", "{43D521D2-B6C1-4FE6-B6AF-F304CAAD6BBC}"
EndProject
Project("{9A19103F-16F7-4668-BE54-9A1E7A4F7556}") = "TaleLearnCode.CosmosGremlinORM", "src\TaleLearnCode.CosmosGremlinORM\TaleLearnCode.CosmosGremlinORM.csproj", "{27F51602-4446-48CA-ACCE-E3452D7AE838}"
EndProject
Project("{2150E333-8FDC-42A3-9474-1A3956D46DE8}") = "Gremlin Scripts", "Gremlin Scripts", "{59F2F40C-FF03-4F45-B32A-468BF0AF63F6}"
	ProjectSection(SolutionItems) = preProject
		src\Gremlin Scripts\Schema.gremlin = src\Gremlin Scripts\Schema.gremlin
	EndProjectSection
EndProject
Project("{9A19103F-16F7-4668-BE54-9A1E7A4F7556}") = "CodePaLOUsa.GraphBuilder", "src\CodePaLOUsa.GraphBuilder\CodePaLOUsa.GraphBuilder.csproj", "{B40EA4BD-C558-4E69-A4F8-D78AE6C49D2E}"
EndProject
Project("{FAE04EC0-301F-11D3-BF4B-00C04F79EFBC}") = "DocumentGraphSchema", "DocumentGraphSchema\DocumentGraphSchema.csproj", "{4EA1FB56-1B2C-40BB-AFA7-3F80DF69024B}"
EndProject
Global
	GlobalSection(SolutionConfigurationPlatforms) = preSolution
		Debug|Any CPU = Debug|Any CPU
		Release|Any CPU = Release|Any CPU
	EndGlobalSection
	GlobalSection(ProjectConfigurationPlatforms) = postSolution
		{B6FF67D0-ABA4-40ED-ADBD-994AD13FEFCF}.Debug|Any CPU.ActiveCfg = Debug|Any CPU
		{B6FF67D0-ABA4-40ED-ADBD-994AD13FEFCF}.Debug|Any CPU.Build.0 = Debug|Any CPU
		{B6FF67D0-ABA4-40ED-ADBD-994AD13FEFCF}.Release|Any CPU.ActiveCfg = Release|Any CPU
		{B6FF67D0-ABA4-40ED-ADBD-994AD13FEFCF}.Release|Any CPU.Build.0 = Release|Any CPU
		{43D521D2-B6C1-4FE6-B6AF-F304CAAD6BBC}.Debug|Any CPU.ActiveCfg = Debug|Any CPU
		{43D521D2-B6C1-4FE6-B6AF-F304CAAD6BBC}.Debug|Any CPU.Build.0 = Debug|Any CPU
		{43D521D2-B6C1-4FE6-B6AF-F304CAAD6BBC}.Release|Any CPU.ActiveCfg = Release|Any CPU
		{43D521D2-B6C1-4FE6-B6AF-F304CAAD6BBC}.Release|Any CPU.Build.0 = Release|Any CPU
		{27F51602-4446-48CA-ACCE-E3452D7AE838}.Debug|Any CPU.ActiveCfg = Debug|Any CPU
		{27F51602-4446-48CA-ACCE-E3452D7AE838}.Debug|Any CPU.Build.0 = Debug|Any CPU
		{27F51602-4446-48CA-ACCE-E3452D7AE838}.Release|Any CPU.ActiveCfg = Release|Any CPU
		{27F51602-4446-48CA-ACCE-E3452D7AE838}.Release|Any CPU.Build.0 = Release|Any CPU
		{B40EA4BD-C558-4E69-A4F8-D78AE6C49D2E}.Debug|Any CPU.ActiveCfg = Debug|Any CPU
		{B40EA4BD-C558-4E69-A4F8-D78AE6C49D2E}.Debug|Any CPU.Build.0 = Debug|Any CPU
		{B40EA4BD-C558-4E69-A4F8-D78AE6C49D2E}.Release|Any CPU.ActiveCfg = Release|Any CPU
		{B40EA4BD-C558-4E69-A4F8-D78AE6C49D2E}.Release|Any CPU.Build.0 = Release|Any CPU
		{4EA1FB56-1B2C-40BB-AFA7-3F80DF69024B}.Debug|Any CPU.ActiveCfg = Debug|Any CPU
		{4EA1FB56-1B2C-40BB-AFA7-3F80DF69024B}.Debug|Any CPU.Build.0 = Debug|Any CPU
		{4EA1FB56-1B2C-40BB-AFA7-3F80DF69024B}.Release|Any CPU.ActiveCfg = Release|Any CPU
		{4EA1FB56-1B2C-40BB-AFA7-3F80DF69024B}.Release|Any CPU.Build.0 = Release|Any CPU
	EndGlobalSection
	GlobalSection(SolutionProperties) = preSolution
		HideSolutionNode = FALSE
	EndGlobalSection
	GlobalSection(ExtensibilityGlobals) = postSolution
		SolutionGuid = {C38E94F9-44E8-4FAF-833C-1B59D133C074}
	EndGlobalSection
EndGlobal
